Microsoft Visual Studio Solution File, Format Version 10.00
# Visual Studio 2008
Project("{8BC9CEB8-8B4A-11D0-8D11-00A0C91BC942}") = "ALL_BUILD", "ALL_BUILD.vcproj", "{0CC7EAA1-5F6E-32E1-8D0C-8CB18D780D57}"
	ProjectSection(ProjectDependencies) = postProject
		{92E7AD24-1FC6-3438-8F0A-26506605C827} = {92E7AD24-1FC6-3438-8F0A-26506605C827}
		{024C6FBA-A009-3FCD-A2B6-E0685E64C87E} = {024C6FBA-A009-3FCD-A2B6-E0685E64C87E}
	EndProjectSection
EndProject
Project("{8BC9CEB8-8B4A-11D0-8D11-00A0C91BC942}") = "ConsoleDemo", "ConsoleDemo.vcproj", "{92E7AD24-1FC6-3438-8F0A-26506605C827}"
	ProjectSection(ProjectDependencies) = postProject
		{2F75130F-505C-375B-B59F-2E3B1E92691C} = {2F75130F-505C-375B-B59F-2E3B1E92691C}
		{024C6FBA-A009-3FCD-A2B6-E0685E64C87E} = {024C6FBA-A009-3FCD-A2B6-E0685E64C87E}
	EndProjectSection
EndProject
Project("{8BC9CEB8-8B4A-11D0-8D11-00A0C91BC942}") = "CrashRpt", "..\..\reporting\crashrpt\CrashRpt.vcproj", "{2F75130F-505C-375B-B59F-2E3B1E92691C}"
	ProjectSection(ProjectDependencies) = postProject
		{024C6FBA-A009-3FCD-A2B6-E0685E64C87E} = {024C6FBA-A009-3FCD-A2B6-E0685E64C87E}
	EndProjectSection
EndProject
Project("{8BC9CEB8-8B4A-11D0-8D11-00A0C91BC942}") = "ZERO_CHECK", "..\..\\ZERO_CHECK.vcproj", "{024C6FBA-A009-3FCD-A2B6-E0685E64C87E}"
	ProjectSection(ProjectDependencies) = postProject
	EndProjectSection
EndProject
Global
	GlobalSection(SolutionConfigurationPlatforms) = preSolution
		Debug|Win32 = Debug|Win32
		Release|Win32 = Release|Win32
	EndGlobalSection
	GlobalSection(ProjectConfigurationPlatforms) = postSolution
		{0CC7EAA1-5F6E-32E1-8D0C-8CB18D780D57}.Debug|Win32.ActiveCfg = Debug|Win32
		{0CC7EAA1-5F6E-32E1-8D0C-8CB18D780D57}.Release|Win32.ActiveCfg = Release|Win32
		{92E7AD24-1FC6-3438-8F0A-26506605C827}.Debug|Win32.ActiveCfg = Debug|Win32
		{92E7AD24-1FC6-3438-8F0A-26506605C827}.Debug|Win32.Build.0 = Debug|Win32
		{92E7AD24-1FC6-3438-8F0A-26506605C827}.Release|Win32.ActiveCfg = Release|Win32
		{92E7AD24-1FC6-3438-8F0A-26506605C827}.Release|Win32.Build.0 = Release|Win32
		{2F75130F-505C-375B-B59F-2E3B1E92691C}.Debug|Win32.ActiveCfg = Debug|Win32
		{2F75130F-505C-375B-B59F-2E3B1E92691C}.Debug|Win32.Build.0 = Debug|Win32
		{2F75130F-505C-375B-B59F-2E3B1E92691C}.Release|Win32.ActiveCfg = Release|Win32
		{2F75130F-505C-375B-B59F-2E3B1E92691C}.Release|Win32.Build.0 = Release|Win32
		{024C6FBA-A009-3FCD-A2B6-E0685E64C87E}.Debug|Win32.ActiveCfg = Debug|Win32
		{024C6FBA-A009-3FCD-A2B6-E0685E64C87E}.Debug|Win32.Build.0 = Debug|Win32
		{024C6FBA-A009-3FCD-A2B6-E0685E64C87E}.Release|Win32.ActiveCfg = Release|Win32
		{024C6FBA-A009-3FCD-A2B6-E0685E64C87E}.Release|Win32.Build.0 = Release|Win32
	EndGlobalSection
	GlobalSection(ExtensibilityGlobals) = postSolution
	EndGlobalSection
	GlobalSection(ExtensibilityAddIns) = postSolution
	EndGlobalSection
EndGlobal
